
Microsoft Visual Studio Solution File, Format Version 12.00
# Visual Studio Version 17
VisualStudioVersion = 17.0.31903.59
MinimumVisualStudioVersion = 10.0.40219.1
Project("{FAE04EC0-301F-11D3-BF4B-00C04F79EFBC}") = "BluetoothMonitor", "src\BluetoothMonitor\BluetoothMonitor.csproj", "{46E60D9C-A777-4EB8-AD6A-2A73B1561973}"
EndProject
Project("{FAE04EC0-301F-11D3-BF4F-00C04F79EFBC}") = "BluetoothMonitor.Tests", "tests\BluetoothMonitor.Tests\BluetoothMonitor.Tests.csproj", "{194D1D42-1BF7-4DFB-9FC8-4A4D3A7C3189}"
EndProject
Global
	GlobalSection(SolutionConfigurationPlatforms) = preSolution
		Debug|Any CPU = Debug|Any CPU
		Release|Any CPU = Release|Any CPU
	EndGlobalSection
	GlobalSection(ProjectConfigurationPlatforms) = postSolution
		{46E60D9C-A777-4EB8-AD6A-2A73B1561973}.Debug|Any CPU.ActiveCfg = Debug|Any CPU
		{46E60D9C-A777-4EB8-AD6A-2A73B1561973}.Debug|Any CPU.Build.0 = Debug|Any CPU
		{46E60D9C-A777-4EB8-AD6A-2A73B1561973}.Release|Any CPU.ActiveCfg = Release|Any CPU
		{46E60D9C-A777-4EB8-AD6A-2A73B1561973}.Release|Any CPU.Build.0 = Release|Any CPU
		{194D1D42-1BF7-4DFB-9FC8-4A4D3A7C3189}.Debug|Any CPU.ActiveCfg = Debug|Any CPU
		{194D1D42-1BF7-4DFB-9FC8-4A4D3A7C3189}.Debug|Any CPU.Build.0 = Debug|Any CPU
		{194D1D42-1BF7-4DFB-9FC8-4A4D3A7C3189}.Release|Any CPU.ActiveCfg = Release|Any CPU
		{194D1D42-1BF7-4DFB-9FC8-4A4D3A7C3189}.Release|Any CPU.Build.0 = Release|Any CPU
	EndGlobalSection
EndGlobal
